
Microsoft Visual Studio Solution File, Format Version 12.00
# Visual Studio 15
VisualStudioVersion = 15.0.26430.15
MinimumVisualStudioVersion = 10.0.40219.1
Project("{FAE04EC0-301F-11D3-BF4B-00C04F79EFBC}") = "Demo.Customer.APISvc.Tests", "Demo.Customer.APISvc.Tests\Demo.Customer.APISvc.Tests.csproj", "{323CD4D8-76C1-4456-8D93-50E93ADE18B4}"
EndProject
Project("{FAE04EC0-301F-11D3-BF4B-00C04F79EFBC}") = "Demo.Customer.APISvc", "Demo.Customer.APISvc\Demo.Customer.APISvc.csproj", "{F6224DD4-15E9-4327-B2E7-9AFF393D39C3}"
EndProject
Global
	GlobalSection(SolutionConfigurationPlatforms) = preSolution
		Debug|Any CPU = Debug|Any CPU
		Release|Any CPU = Release|Any CPU
	EndGlobalSection
	GlobalSection(ProjectConfigurationPlatforms) = postSolution
		{323CD4D8-76C1-4456-8D93-50E93ADE18B4}.Debug|Any CPU.ActiveCfg = Debug|Any CPU
		{323CD4D8-76C1-4456-8D93-50E93ADE18B4}.Debug|Any CPU.Build.0 = Debug|Any CPU
		{323CD4D8-76C1-4456-8D93-50E93ADE18B4}.Release|Any CPU.ActiveCfg = Release|Any CPU
		{323CD4D8-76C1-4456-8D93-50E93ADE18B4}.Release|Any CPU.Build.0 = Release|Any CPU
		{F6224DD4-15E9-4327-B2E7-9AFF393D39C3}.Debug|Any CPU.ActiveCfg = Debug|Any CPU
		{F6224DD4-15E9-4327-B2E7-9AFF393D39C3}.Debug|Any CPU.Build.0 = Debug|Any CPU
		{F6224DD4-15E9-4327-B2E7-9AFF393D39C3}.Release|Any CPU.ActiveCfg = Release|Any CPU
		{F6224DD4-15E9-4327-B2E7-9AFF393D39C3}.Release|Any CPU.Build.0 = Release|Any CPU
	EndGlobalSection
	GlobalSection(SolutionProperties) = preSolution
		HideSolutionNode = FALSE
	EndGlobalSection
EndGlobal
