
Microsoft Visual Studio Solution File, Format Version 12.00
# Visual Studio 15
VisualStudioVersion = 15.0.26403.7
MinimumVisualStudioVersion = 10.0.40219.1
Project("{151D2E53-A2C4-4D7D-83FE-D05416EBD58E}") = "pp_BAD-VM-ARMTemplate", "pp_BAD-VM-ARMTemplate\pp_BAD-VM-ARMTemplate.deployproj", "{AD0CDBDB-54B9-4271-95BD-FACCDB499484}"
EndProject
Global
	GlobalSection(SolutionConfigurationPlatforms) = preSolution
		Debug|Any CPU = Debug|Any CPU
		Release|Any CPU = Release|Any CPU
	EndGlobalSection
	GlobalSection(ProjectConfigurationPlatforms) = postSolution
		{AD0CDBDB-54B9-4271-95BD-FACCDB499484}.Debug|Any CPU.ActiveCfg = Debug|Any CPU
		{AD0CDBDB-54B9-4271-95BD-FACCDB499484}.Debug|Any CPU.Build.0 = Debug|Any CPU
		{AD0CDBDB-54B9-4271-95BD-FACCDB499484}.Release|Any CPU.ActiveCfg = Release|Any CPU
		{AD0CDBDB-54B9-4271-95BD-FACCDB499484}.Release|Any CPU.Build.0 = Release|Any CPU
	EndGlobalSection
	GlobalSection(SolutionProperties) = preSolution
		HideSolutionNode = FALSE
	EndGlobalSection
EndGlobal
